
Microsoft Visual Studio Solution File, Format Version 12.00
# Visual Studio 15
VisualStudioVersion = 15.0.28307.168
MinimumVisualStudioVersion = 10.0.40219.1
Project("{FAE04EC0-301F-11D3-BF4B-00C04F79EFBC}") = "RMDataManager", "RMDataManager\RMDataManager.csproj", "{D17CB98F-73BD-47E2-8B28-90C8CE335ED1}"
EndProject
Project("{00D1A9C2-B5F0-4AF3-8072-F6C62B433612}") = "RMData", "RMData\RMData.sqlproj", "{4CBEF33F-B20B-4ABE-80CF-F6B175A9C302}"
EndProject
Project("{FAE04EC0-301F-11D3-BF4B-00C04F79EFBC}") = "RMDesktopUI", "RMDesktopUI\RMDesktopUI.csproj", "{9A116C05-90F4-489F-9E21-8F709EC6360E}"
EndProject
Project("{FAE04EC0-301F-11D3-BF4B-00C04F79EFBC}") = "RMDataManager.Library", "RMDataManager.Library\RMDataManager.Library.csproj", "{1013772C-AF4A-46A3-8DF2-2C60085D04FD}"
EndProject
Project("{FAE04EC0-301F-11D3-BF4B-00C04F79EFBC}") = "RMDesktopUI.Library", "RMDesktopUI.Library\RMDesktopUI.Library.csproj", "{8B51D572-19E0-4339-9DD7-8987D342E042}"
EndProject
Global
	GlobalSection(SolutionConfigurationPlatforms) = preSolution
		Debug|Any CPU = Debug|Any CPU
		Release|Any CPU = Release|Any CPU
	EndGlobalSection
	GlobalSection(ProjectConfigurationPlatforms) = postSolution
		{D17CB98F-73BD-47E2-8B28-90C8CE335ED1}.Debug|Any CPU.ActiveCfg = Debug|Any CPU
		{D17CB98F-73BD-47E2-8B28-90C8CE335ED1}.Debug|Any CPU.Build.0 = Debug|Any CPU
		{D17CB98F-73BD-47E2-8B28-90C8CE335ED1}.Release|Any CPU.ActiveCfg = Release|Any CPU
		{D17CB98F-73BD-47E2-8B28-90C8CE335ED1}.Release|Any CPU.Build.0 = Release|Any CPU
		{4CBEF33F-B20B-4ABE-80CF-F6B175A9C302}.Debug|Any CPU.ActiveCfg = Debug|Any CPU
		{4CBEF33F-B20B-4ABE-80CF-F6B175A9C302}.Debug|Any CPU.Build.0 = Debug|Any CPU
		{4CBEF33F-B20B-4ABE-80CF-F6B175A9C302}.Debug|Any CPU.Deploy.0 = Debug|Any CPU
		{4CBEF33F-B20B-4ABE-80CF-F6B175A9C302}.Release|Any CPU.ActiveCfg = Release|Any CPU
		{4CBEF33F-B20B-4ABE-80CF-F6B175A9C302}.Release|Any CPU.Build.0 = Release|Any CPU
		{4CBEF33F-B20B-4ABE-80CF-F6B175A9C302}.Release|Any CPU.Deploy.0 = Release|Any CPU
		{9A116C05-90F4-489F-9E21-8F709EC6360E}.Debug|Any CPU.ActiveCfg = Debug|Any CPU
		{9A116C05-90F4-489F-9E21-8F709EC6360E}.Debug|Any CPU.Build.0 = Debug|Any CPU
		{9A116C05-90F4-489F-9E21-8F709EC6360E}.Release|Any CPU.ActiveCfg = Release|Any CPU
		{9A116C05-90F4-489F-9E21-8F709EC6360E}.Release|Any CPU.Build.0 = Release|Any CPU
		{1013772C-AF4A-46A3-8DF2-2C60085D04FD}.Debug|Any CPU.ActiveCfg = Debug|Any CPU
		{1013772C-AF4A-46A3-8DF2-2C60085D04FD}.Debug|Any CPU.Build.0 = Debug|Any CPU
		{1013772C-AF4A-46A3-8DF2-2C60085D04FD}.Release|Any CPU.ActiveCfg = Release|Any CPU
		{1013772C-AF4A-46A3-8DF2-2C60085D04FD}.Release|Any CPU.Build.0 = Release|Any CPU
		{8B51D572-19E0-4339-9DD7-8987D342E042}.Debug|Any CPU.ActiveCfg = Debug|Any CPU
		{8B51D572-19E0-4339-9DD7-8987D342E042}.Debug|Any CPU.Build.0 = Debug|Any CPU
		{8B51D572-19E0-4339-9DD7-8987D342E042}.Release|Any CPU.ActiveCfg = Release|Any CPU
		{8B51D572-19E0-4339-9DD7-8987D342E042}.Release|Any CPU.Build.0 = Release|Any CPU
	EndGlobalSection
	GlobalSection(SolutionProperties) = preSolution
		HideSolutionNode = FALSE
	EndGlobalSection
	GlobalSection(ExtensibilityGlobals) = postSolution
		SolutionGuid = {FCA135C3-8DE9-4710-9C24-FDF506F943C9}
	EndGlobalSection
EndGlobal
